dependencies:
- name: redis
  repository: https://charts.bitnami.com/bitnami
  version: 19.0.2
- name: postgresql
  repository: https://charts.bitnami.com/bitnami
  version: 15.5.31
- name: clickhouse
  repository: https://charts.bitnami.com/bitnami
  version: 9.4.4
- name: lib
  repository: file://../lib
  version: 1.1.0
digest: sha256:da70986acc38a63d4182037fb67eb60606f9ea69f1b07f44d6bf229a6bf7860f
generated: "2026-04-28T11:29:11.330301-06:00"
