dependencies:
- name: redis
  repository: https://charts.bitnami.com/bitnami
  version: 19.0.2
- name: postgresql
  repository: https://charts.bitnami.com/bitnami
  version: 15.5.31
- name: clickhouse
  repository: https://charts.bitnami.com/bitnami
  version: 9.2.2
- name: lib
  repository: file://../lib
  version: 1.1.0
digest: sha256:dd228d4a06e62c5517429759b56f066d3c34b7a24fb5f445e0aae1d53f8f93d6
generated: "2025-08-27T22:20:41.058053-04:00"
