dependencies:
- name: redis
  repository: https://charts.bitnami.com/bitnami
  version: 19.0.2
- name: postgresql
  repository: https://charts.bitnami.com/bitnami
  version: 15.5.31
- name: clickhouse
  repository: https://charts.bitnami.com/bitnami
  version: 9.2.2
- name: lib
  repository: file://../lib
  version: 1.0.0
digest: sha256:93d436c0b9d52f8cfa7dab3f610c660507739a1cdea41cf1a9ed3f51fe691885
generated: "2025-06-26T23:50:54.767209-04:00"
