dependencies:
- name: seqr
  repository: https://broadinstitute.github.io/seqr-helm
  version: 1.4.1
- name: pipeline-runner
  repository: https://broadinstitute.github.io/seqr-helm
  version: 0.2.2
- name: hail-search
  repository: https://broadinstitute.github.io/seqr-helm
  version: 0.5.0
- name: vlm
  repository: https://broadinstitute.github.io/seqr-helm
  version: 0.0.1
- name: lib
  repository: https://broadinstitute.github.io/seqr-helm
  version: 0.1.4
digest: sha256:bcaa8a9d5f1cb6888ae169f21a3e99c56811deeb20cce8ca1e8c2086a5c80a9a
generated: "2024-11-26T13:14:01.367855-05:00"
