dependencies:
- name: seqr
  repository: https://broadinstitute.github.io/seqr-helm
  version: 2.46.0
- name: pipeline-runner
  repository: https://broadinstitute.github.io/seqr-helm
  version: 1.116.0
- name: hail-search
  repository: https://broadinstitute.github.io/seqr-helm
  version: 2.14.0
- name: vlm
  repository: https://broadinstitute.github.io/seqr-helm
  version: 1.4.0
- name: lib
  repository: https://broadinstitute.github.io/seqr-helm
  version: 1.1.0
digest: sha256:d51f2bb9df9c2f1e1b799af62a6cfd0e4c7f2b8298ac7a1ce524573a2882a6f2
generated: "2025-09-04T22:11:40.764324-04:00"
